// !$*UTF8*$!
{
	archiveVersion = 1;
	classes = {
	};
	objectVersion = 50;
	objects = {

/* Begin PBXBuildFile section */
		9962B50B23860B6900321FE0 /* Country+CoreDataClass.swift in Sources */ = {isa = PBXBuildFile; fileRef = 9962B50723860B6800321FE0 /* Country+CoreDataClass.swift */; };
		9962B50C23860B6900321FE0 /* Country+CoreDataProperties.swift in Sources */ = {isa = PBXBuildFile; fileRef = 9962B50823860B6800321FE0 /* Country+CoreDataProperties.swift */; };
		9962B50D23860B6900321FE0 /* Candy+CoreDataClass.swift in Sources */ = {isa = PBXBuildFile; fileRef = 9962B50923860B6900321FE0 /* Candy+CoreDataClass.swift */; };
		9962B50E23860B6900321FE0 /* Candy+CoreDataProperties.swift in Sources */ = {isa = PBXBuildFile; fileRef = 9962B50A23860B6900321FE0 /* Candy+CoreDataProperties.swift */; };
		996ED4D62383E0A800EE6B42 /* AppDelegate.swift in Sources */ = {isa = PBXBuildFile; fileRef = 996ED4D52383E0A800EE6B42 /* AppDelegate.swift */; };
		996ED4D82383E0A800EE6B42 /* SceneDelegate.swift in Sources */ = {isa = PBXBuildFile; fileRef = 996ED4D72383E0A800EE6B42 /* SceneDelegate.swift */; };
		996ED4DB2383E0A800EE6B42 /* CoreDataProject.xcdatamodeld in Sources */ = {isa = PBXBuildFile; fileRef = 996ED4D92383E0A800EE6B42 /* CoreDataProject.xcdatamodeld */; };
		996ED4DD2383E0A800EE6B42 /* ContentView.swift in Sources */ = {isa = PBXBuildFile; fileRef = 996ED4DC2383E0A800EE6B42 /* ContentView.swift */; };
		996ED4DF2383E0A900EE6B42 /* Assets.xcassets in Resources */ = {isa = PBXBuildFile; fileRef = 996ED4DE2383E0A900EE6B42 /* Assets.xcassets */; };
		996ED4E22383E0A900EE6B42 /* Preview Assets.xcassets in Resources */ = {isa = PBXBuildFile; fileRef = 996ED4E12383E0A900EE6B42 /* Preview Assets.xcassets */; };
		996ED4E52383E0A900EE6B42 /* LaunchScreen.storyboard in Resources */ = {isa = PBXBuildFile; fileRef = 996ED4E32383E0A900EE6B42 /* LaunchScreen.storyboard */; };
/* End PBXBuildFile section */

/* Begin PBXFileReference section */
		9962B50723860B6800321FE0 /* Country+CoreDataClass.swift */ = {isa = PBXFileReference; lastKnownFileType = sourcecode.swift; path = "Country+CoreDataClass.swift"; sourceTree = "<group>"; };
		9962B50823860B6800321FE0 /* Country+CoreDataProperties.swift */ = {isa = PBXFileReference; lastKnownFileType = sourcecode.swift; path = "Country+CoreDataProperties.swift"; sourceTree = "<group>"; };
		9962B50923860B6900321FE0 /* Candy+CoreDataClass.swift */ = {isa = PBXFileReference; lastKnownFileType = sourcecode.swift; path = "Candy+CoreDataClass.swift"; sourceTree = "<group>"; };
		9962B50A23860B6900321FE0 /* Candy+CoreDataProperties.swift */ = {isa = PBXFileReference; lastKnownFileType = sourcecode.swift; path = "Candy+CoreDataProperties.swift"; sourceTree = "<group>"; };
		996ED4D22383E0A800EE6B42 /* CoreDataProject.app */ = {isa = PBXFileReference; explicitFileType = wrapper.application; includeInIndex = 0; path = CoreDataProject.app; sourceTree = BUILT_PRODUCTS_DIR; };
		996ED4D52383E0A800EE6B42 /* AppDelegate.swift */ = {isa = PBXFileReference; lastKnownFileType = sourcecode.swift; path = AppDelegate.swift; sourceTree = "<group>"; };
		996ED4D72383E0A800EE6B42 /* SceneDelegate.swift */ = {isa = PBXFileReference; lastKnownFileType = sourcecode.swift; path = SceneDelegate.swift; sourceTree = "<group>"; };
		996ED4DA2383E0A800EE6B42 /* CoreDataProject.xcdatamodel */ = {isa = PBXFileReference; lastKnownFileType = wrapper.xcdatamodel; path = CoreDataProject.xcdatamodel; sourceTree = "<group>"; };
		996ED4DC2383E0A800EE6B42 /* ContentView.swift */ = {isa = PBXFileReference; lastKnownFileType = sourcecode.swift; path = ContentView.swift; sourceTree = "<group>"; };
		996ED4DE2383E0A900EE6B42 /* Assets.xcassets */ = {isa = PBXFileReference; lastKnownFileType = folder.assetcatalog; path = Assets.xcassets; sourceTree = "<group>"; };
		996ED4E12383E0A900EE6B42 /* Preview Assets.xcassets */ = {isa = PBXFileReference; lastKnownFileType = folder.assetcatalog; path = "Preview Assets.xcassets"; sourceTree = "<group>"; };
		996ED4E42383E0A900EE6B42 /* Base */ = {isa = PBXFileReference; lastKnownFileType = file.storyboard; name = Base; path = Base.lproj/LaunchScreen.storyboard; sourceTree = "<group>"; };
		996ED4E62383E0A900EE6B42 /* Info.plist */ = {isa = PBXFileReference; lastKnownFileType = text.plist.xml; path = Info.plist; sourceTree = "<group>"; };
/* End PBXFileReference section */

/* Begin PBXFrameworksBuildPhase section */
		996ED4CF2383E0A800EE6B42 /* Frameworks */ = {
			isa = PBXFrameworksBuildPhase;
			buildActionMask = 2147483647;
			files = (
			);
			runOnlyForDeploymentPostprocessing = 0;
		};
/* End PBXFrameworksBuildPhase section */

/* Begin PBXGroup section */
		996ED4C92383E0A800EE6B42 = {
			isa = PBXGroup;
			children = (
				996ED4D42383E0A800EE6B42 /* CoreDataProject */,
				996ED4D32383E0A800EE6B42 /* Products */,
			);
			sourceTree = "<group>";
		};
		996ED4D32383E0A800EE6B42 /* Products */ = {
			isa = PBXGroup;
			children = (
				996ED4D22383E0A800EE6B42 /* CoreDataProject.app */,
			);
			name = Products;
			sourceTree = "<group>";
		};
		996ED4D42383E0A800EE6B42 /* CoreDataProject */ = {
			isa = PBXGroup;
			children = (
				9962B50723860B6800321FE0 /* Country+CoreDataClass.swift */,
				9962B50823860B6800321FE0 /* Country+CoreDataProperties.swift */,
				9962B50923860B6900321FE0 /* Candy+CoreDataClass.swift */,
				9962B50A23860B6900321FE0 /* Candy+CoreDataProperties.swift */,
				996ED4D52383E0A800EE6B42 /* AppDelegate.swift */,
				996ED4D72383E0A800EE6B42 /* SceneDelegate.swift */,
				996ED4DC2383E0A800EE6B42 /* ContentView.swift */,
				996ED4DE2383E0A900EE6B42 /* Assets.xcassets */,
				996ED4E32383E0A900EE6B42 /* LaunchScreen.storyboard */,
				996ED4E62383E0A900EE6B42 /* Info.plist */,
				996ED4D92383E0A800EE6B42 /* CoreDataProject.xcdatamodeld */,
				996ED4E02383E0A900EE6B42 /* Preview Content */,
			);
			path = CoreDataProject;
			sourceTree = "<group>";
		};
		996ED4E02383E0A900EE6B42 /* Preview Content */ = {
			isa = PBXGroup;
			children = (
				996ED4E12383E0A900EE6B42 /* Preview Assets.xcassets */,
			);
			path = "Preview Content";
			sourceTree = "<group>";
		};
/* End PBXGroup section */

/* Begin PBXNativeTarget section */
		996ED4D12383E0A800EE6B42 /* CoreDataProject */ = {
			isa = PBXNativeTarget;
			buildConfigurationList = 996ED4E92383E0A900EE6B42 /* Build configuration list for PBXNativeTarget "CoreDataProject" */;
			buildPhases = (
				996ED4CE2383E0A800EE6B42 /* Sources */,
				996ED4CF2383E0A800EE6B42 /* Frameworks */,
				996ED4D02383E0A800EE6B42 /* Resources */,
			);
			buildRules = (
			);
			dependencies = (
			);
			name = CoreDataProject;
			productName = CoreDataProject;
			productReference = 996ED4D22383E0A800EE6B42 /* CoreDataProject.app */;
			productType = "com.apple.product-type.application";
		};
/* End PBXNativeTarget section */

/* Begin PBXProject section */
		996ED4CA2383E0A800EE6B42 /* Project object */ = {
			isa = PBXProject;
			attributes = {
				LastSwiftUpdateCheck = 1120;
				LastUpgradeCheck = 1120;
				ORGANIZATIONNAME = "Ale Mohamad";
				TargetAttributes = {
					996ED4D12383E0A800EE6B42 = {
						CreatedOnToolsVersion = 11.2.1;
					};
				};
			};
			buildConfigurationList = 996ED4CD2383E0A800EE6B42 /* Build configuration list for PBXProject "CoreDataProject" */;
			compatibilityVersion = "Xcode 9.3";
			developmentRegion = en;
			hasScannedForEncodings = 0;
			knownRegions = (
				en,
				Base,
			);
			mainGroup = 996ED4C92383E0A800EE6B42;
			productRefGroup = 996ED4D32383E0A800EE6B42 /* Products */;
			projectDirPath = "";
			projectRoot = "";
			targets = (
				996ED4D12383E0A800EE6B42 /* CoreDataProject */,
			);
		};
/* End PBXProject section */

/* Begin PBXResourcesBuildPhase section */
		996ED4D02383E0A800EE6B42 /* Resources */ = {
			isa = PBXResourcesBuildPhase;
			buildActionMask = 2147483647;
			files = (
				996ED4E52383E0A900EE6B42 /* LaunchScreen.storyboard in Resources */,
				996ED4E22383E0A900EE6B42 /* Preview Assets.xcassets in Resources */,
				996ED4DF2383E0A900EE6B42 /* Assets.xcassets in Resources */,
			);
			runOnlyForDeploymentPostprocessing = 0;
		};
/* End PBXResourcesBuildPhase section */

/* Begin PBXSourcesBuildPhase section */
		996ED4CE2383E0A800EE6B42 /* Sources */ = {
			isa = PBXSourcesBuildPhase;
			buildActionMask = 2147483647;
			files = (
				9962B50C23860B6900321FE0 /* Country+CoreDataProperties.swift in Sources */,
				996ED4D62383E0A800EE6B42 /* AppDelegate.swift in Sources */,
				996ED4D82383E0A800EE6B42 /* SceneDelegate.swift in Sources */,
				9962B50E23860B6900321FE0 /* Candy+CoreDataProperties.swift in Sources */,
				9962B50D23860B6900321FE0 /* Candy+CoreDataClass.swift in Sources */,
				996ED4DD2383E0A800EE6B42 /* ContentView.swift in Sources */,
				996ED4DB2383E0A800EE6B42 /* CoreDataProject.xcdatamodeld in Sources */,
				9962B50B23860B6900321FE0 /* Country+CoreDataClass.swift in Sources */,
			);
			runOnlyForDeploymentPostprocessing = 0;
		};
/* End PBXSourcesBuildPhase section */

/* Begin PBXVariantGroup section */
		996ED4E32383E0A900EE6B42 /* LaunchScreen.storyboard */ = {
			isa = PBXVariantGroup;
			children = (
				996ED4E42383E0A900EE6B42 /* Base */,
			);
			name = LaunchScreen.storyboard;
			sourceTree = "<group>";
		};
/* End PBXVariantGroup section */

/* Begin XCBuildConfiguration section */
		996ED4E72383E0A900EE6B42 /* Debug */ = {
			isa = XCBuildConfiguration;
			buildSettings = {
				ALWAYS_SEARCH_USER_PATHS = NO;
				CLANG_ANALYZER_NONNULL = YES;
				CLANG_ANALYZER_NUMBER_OBJECT_CONVERSION = YES_AGGRESSIVE;
				CLANG_CXX_LANGUAGE_STANDARD = "gnu++14";
				CLANG_CXX_LIBRARY = "libc++";
				CLANG_ENABLE_MODULES = YES;
				CLANG_ENABLE_OBJC_ARC = YES;
				CLANG_ENABLE_OBJC_WEAK = YES;
				CLANG_WARN_BLOCK_CAPTURE_AUTORELEASING = YES;
				CLANG_WARN_BOOL_CONVERSION = YES;
				CLANG_WARN_COMMA = YES;
				CLANG_WARN_CONSTANT_CONVERSION = YES;
				CLANG_WARN_DEPRECATED_OBJC_IMPLEMENTATIONS = YES;
				CLANG_WARN_DIRECT_OBJC_ISA_USAGE = YES_ERROR;
				CLANG_WARN_DOCUMENTATION_COMMENTS = YES;
				CLANG_WARN_EMPTY_BODY = YES;
				CLANG_WARN_ENUM_CONVERSION = YES;
				CLANG_WARN_INFINITE_RECURSION = YES;
				CLANG_WARN_INT_CONVERSION = YES;
				CLANG_WARN_NON_LITERAL_NULL_CONVERSION = YES;
				CLANG_WARN_OBJC_IMPLICIT_RETAIN_SELF = YES;
				CLANG_WARN_OBJC_LITERAL_CONVERSION = YES;
				CLANG_WARN_OBJC_ROOT_CLASS = YES_ERROR;
				CLANG_WARN_RANGE_LOOP_ANALYSIS = YES;
				CLANG_WARN_STRICT_PROTOTYPES = YES;
				CLANG_WARN_SUSPICIOUS_MOVE = YES;
				CLANG_WARN_UNGUARDED_AVAILABILITY = YES_AGGRESSIVE;
				CLANG_WARN_UNREACHABLE_CODE = YES;
				CLANG_WARN__DUPLICATE_METHOD_MATCH = YES;
				COPY_PHASE_STRIP = NO;
				DEBUG_INFORMATION_FORMAT = dwarf;
				ENABLE_STRICT_OBJC_MSGSEND = YES;
				ENABLE_TESTABILITY = YES;
				GCC_C_LANGUAGE_STANDARD = gnu11;
				GCC_DYNAMIC_NO_PIC = NO;
				GCC_NO_COMMON_BLOCKS = YES;
				GCC_OPTIMIZATION_LEVEL = 0;
				GCC_PREPROCESSOR_DEFINITIONS = (
					"DEBUG=1",
					"$(inherited)",
				);
				GCC_WARN_64_TO_32_BIT_CONVERSION = YES;
				GCC_WARN_ABOUT_RETURN_TYPE = YES_ERROR;
				GCC_WARN_UNDECLARED_SELECTOR = YES;
				GCC_WARN_UNINITIALIZED_AUTOS = YES_AGGRESSIVE;
				GCC_WARN_UNUSED_FUNCTION = YES;
				GCC_WARN_UNUSED_VARIABLE = YES;
				IPHONEOS_DEPLOYMENT_TARGET = 13.2;
				MTL_ENABLE_DEBUG_INFO = INCLUDE_SOURCE;
				MTL_FAST_MATH = YES;
				ONLY_ACTIVE_ARCH = YES;
				SDKROOT = iphoneos;
				SWIFT_ACTIVE_COMPILATION_CONDITIONS = DEBUG;
				SWIFT_OPTIMIZATION_LEVEL = "-Onone";
			};
			name = Debug;
		};
		996ED4E82383E0A900EE6B42 /* Release */ = {
			isa = XCBuildConfiguration;
			buildSettings = {
				ALWAYS_SEARCH_USER_PATHS = NO;
				CLANG_ANALYZER_NONNULL = YES;
				CLANG_ANALYZER_NUMBER_OBJECT_CONVERSION = YES_AGGRESSIVE;
				CLANG_CXX_LANGUAGE_STANDARD = "gnu++14";
				CLANG_CXX_LIBRARY = "libc++";
				CLANG_ENABLE_MODULES = YES;
				CLANG_ENABLE_OBJC_ARC = YES;
				CLANG_ENABLE_OBJC_WEAK = YES;
				CLANG_WARN_BLOCK_CAPTURE_AUTORELEASING = YES;
				CLANG_WARN_BOOL_CONVERSION = YES;
				CLANG_WARN_COMMA = YES;
				CLANG_WARN_CONSTANT_CONVERSION = YES;
				CLANG_WARN_DEPRECATED_OBJC_IMPLEMENTATIONS = YES;
				CLANG_WARN_DIRECT_OBJC_ISA_USAGE = YES_ERROR;
				CLANG_WARN_DOCUMENTATION_COMMENTS = YES;
				CLANG_WARN_EMPTY_BODY = YES;
				CLANG_WARN_ENUM_CONVERSION = YES;
				CLANG_WARN_INFINITE_RECURSION = YES;
				CLANG_WARN_INT_CONVERSION = YES;
				CLANG_WARN_NON_LITERAL_NULL_CONVERSION = YES;
				CLANG_WARN_OBJC_IMPLICIT_RETAIN_SELF = YES;
				CLANG_WARN_OBJC_LITERAL_CONVERSION = YES;
				CLANG_WARN_OBJC_ROOT_CLASS = YES_ERROR;
				CLANG_WARN_RANGE_LOOP_ANALYSIS = YES;
				CLANG_WARN_STRICT_PROTOTYPES = YES;
				CLANG_WARN_SUSPICIOUS_MOVE = YES;
				CLANG_WARN_UNGUARDED_AVAILABILITY = YES_AGGRESSIVE;
				CLANG_WARN_UNREACHABLE_CODE = YES;
				CLANG_WARN__DUPLICATE_METHOD_MATCH = YES;
				COPY_PHASE_STRIP = NO;
				DEBUG_INFORMATION_FORMAT = "dwarf-with-dsym";
				ENABLE_NS_ASSERTIONS = NO;
				ENABLE_STRICT_OBJC_MSGSEND = YES;
				GCC_C_LANGUAGE_STANDARD = gnu11;
				GCC_NO_COMMON_BLOCKS = YES;
				GCC_WARN_64_TO_32_BIT_CONVERSION = YES;
				GCC_WARN_ABOUT_RETURN_TYPE = YES_ERROR;
				GCC_WARN_UNDECLARED_SELECTOR = YES;
				GCC_WARN_UNINITIALIZED_AUTOS = YES_AGGRESSIVE;
				GCC_WARN_UNUSED_FUNCTION = YES;
				GCC_WARN_UNUSED_VARIABLE = YES;
				IPHONEOS_DEPLOYMENT_TARGET = 13.2;
				MTL_ENABLE_DEBUG_INFO = NO;
				MTL_FAST_MATH = YES;
				SDKROOT = iphoneos;
				SWIFT_COMPILATION_MODE = wholemodule;
				SWIFT_OPTIMIZATION_LEVEL = "-O";
				VALIDATE_PRODUCT = YES;
			};
			name = Release;
		};
		996ED4EA2383E0A900EE6B42 /* Debug */ = {
			isa = XCBuildConfiguration;
			buildSettings = {
				ASSETCATALOG_COMPILER_APPICON_NAME = AppIcon;
				CODE_SIGN_STYLE = Automatic;
				DEVELOPMENT_ASSET_PATHS = "\"CoreDataProject/Preview Content\"";
				DEVELOPMENT_TEAM = WCNR2RY47A;
				ENABLE_PREVIEWS = YES;
				INFOPLIST_FILE = CoreDataProject/Info.plist;
				LD_RUNPATH_SEARCH_PATHS = (
					"$(inherited)",
					"@executable_path/Frameworks",
				);
				PRODUCT_BUNDLE_IDENTIFIER = com.alemohamad.CoreDataProject;
				PRODUCT_NAME = "$(TARGET_NAME)";
				SWIFT_VERSION = 5.0;
				TARGETED_DEVICE_FAMILY = "1,2";
			};
			name = Debug;
		};
		996ED4EB2383E0A900EE6B42 /* Release */ = {
			isa = XCBuildConfiguration;
			buildSettings = {
				ASSETCATALOG_COMPILER_APPICON_NAME = AppIcon;
				CODE_SIGN_STYLE = Automatic;
				DEVELOPMENT_ASSET_PATHS = "\"CoreDataProject/Preview Content\"";
				DEVELOPMENT_TEAM = WCNR2RY47A;
				ENABLE_PREVIEWS = YES;
				INFOPLIST_FILE = CoreDataProject/Info.plist;
				LD_RUNPATH_SEARCH_PATHS = (
					"$(inherited)",
					"@executable_path/Frameworks",
				);
				PRODUCT_BUNDLE_IDENTIFIER = com.alemohamad.CoreDataProject;
				PRODUCT_NAME = "$(TARGET_NAME)";
				SWIFT_VERSION = 5.0;
				TARGETED_DEVICE_FAMILY = "1,2";
			};
			name = Release;
		};
/* End XCBuildConfiguration section */

/* Begin XCConfigurationList section */
		996ED4CD2383E0A800EE6B42 /* Build configuration list for PBXProject "CoreDataProject" */ = {
			isa = XCConfigurationList;
			buildConfigurations = (
				996ED4E72383E0A900EE6B42 /* Debug */,
				996ED4E82383E0A900EE6B42 /* Release */,
			);
			defaultConfigurationIsVisible = 0;
			defaultConfigurationName = Release;
		};
		996ED4E92383E0A900EE6B42 /* Build configuration list for PBXNativeTarget "CoreDataProject" */ = {
			isa = XCConfigurationList;
			buildConfigurations = (
				996ED4EA2383E0A900EE6B42 /* Debug */,
				996ED4EB2383E0A900EE6B42 /* Release */,
			);
			defaultConfigurationIsVisible = 0;
			defaultConfigurationName = Release;
		};
/* End XCConfigurationList section */

/* Begin XCVersionGroup section */
		996ED4D92383E0A800EE6B42 /* CoreDataProject.xcdatamodeld */ = {
			isa = XCVersionGroup;
			children = (
				996ED4DA2383E0A800EE6B42 /* CoreDataProject.xcdatamodel */,
			);
			currentVersion = 996ED4DA2383E0A800EE6B42 /* CoreDataProject.xcdatamodel */;
			path = CoreDataProject.xcdatamodeld;
			sourceTree = "<group>";
			versionGroupType = wrapper.xcdatamodel;
		};
/* End XCVersionGroup section */
	};
	rootObject = 996ED4CA2383E0A800EE6B42 /* Project object */;
}
