// !$*UTF8*$!
{
	archiveVersion = 1;
	classes = {
	};
	objectVersion = 50;
	objects = {

/* Begin PBXBuildFile section */
		999A8BDD2381FA9E00165D5A /* RatingView.swift in Sources */ = {isa = PBXBuildFile; fileRef = 999A8BDC2381FA9E00165D5A /* RatingView.swift */; };
		999A8BDF2381FC3300165D5A /* EmojiRatingView.swift in Sources */ = {isa = PBXBuildFile; fileRef = 999A8BDE2381FC3300165D5A /* EmojiRatingView.swift */; };
		99B8A5C6237EA6D700346159 /* AppDelegate.swift in Sources */ = {isa = PBXBuildFile; fileRef = 99B8A5C5237EA6D700346159 /* AppDelegate.swift */; };
		99B8A5C8237EA6D700346159 /* SceneDelegate.swift in Sources */ = {isa = PBXBuildFile; fileRef = 99B8A5C7237EA6D700346159 /* SceneDelegate.swift */; };
		99B8A5CB237EA6D700346159 /* Bookworm.xcdatamodeld in Sources */ = {isa = PBXBuildFile; fileRef = 99B8A5C9237EA6D700346159 /* Bookworm.xcdatamodeld */; };
		99B8A5CD237EA6D700346159 /* ContentView.swift in Sources */ = {isa = PBXBuildFile; fileRef = 99B8A5CC237EA6D700346159 /* ContentView.swift */; };
		99B8A5CF237EA6D800346159 /* Assets.xcassets in Resources */ = {isa = PBXBuildFile; fileRef = 99B8A5CE237EA6D800346159 /* Assets.xcassets */; };
		99B8A5D2237EA6D800346159 /* Preview Assets.xcassets in Resources */ = {isa = PBXBuildFile; fileRef = 99B8A5D1237EA6D800346159 /* Preview Assets.xcassets */; };
		99B8A5D5237EA6D800346159 /* LaunchScreen.storyboard in Resources */ = {isa = PBXBuildFile; fileRef = 99B8A5D3237EA6D800346159 /* LaunchScreen.storyboard */; };
		99FFCD6D2381D3540088EA70 /* AddBookView.swift in Sources */ = {isa = PBXBuildFile; fileRef = 99FFCD6C2381D3540088EA70 /* AddBookView.swift */; };
/* End PBXBuildFile section */

/* Begin PBXFileReference section */
		999A8BDC2381FA9E00165D5A /* RatingView.swift */ = {isa = PBXFileReference; lastKnownFileType = sourcecode.swift; path = RatingView.swift; sourceTree = "<group>"; };
		999A8BDE2381FC3300165D5A /* EmojiRatingView.swift */ = {isa = PBXFileReference; lastKnownFileType = sourcecode.swift; path = EmojiRatingView.swift; sourceTree = "<group>"; };
		99B8A5C2237EA6D700346159 /* Bookworm.app */ = {isa = PBXFileReference; explicitFileType = wrapper.application; includeInIndex = 0; path = Bookworm.app; sourceTree = BUILT_PRODUCTS_DIR; };
		99B8A5C5237EA6D700346159 /* AppDelegate.swift */ = {isa = PBXFileReference; lastKnownFileType = sourcecode.swift; path = AppDelegate.swift; sourceTree = "<group>"; };
		99B8A5C7237EA6D700346159 /* SceneDelegate.swift */ = {isa = PBXFileReference; lastKnownFileType = sourcecode.swift; path = SceneDelegate.swift; sourceTree = "<group>"; };
		99B8A5CA237EA6D700346159 /* Bookworm.xcdatamodel */ = {isa = PBXFileReference; lastKnownFileType = wrapper.xcdatamodel; path = Bookworm.xcdatamodel; sourceTree = "<group>"; };
		99B8A5CC237EA6D700346159 /* ContentView.swift */ = {isa = PBXFileReference; lastKnownFileType = sourcecode.swift; path = ContentView.swift; sourceTree = "<group>"; };
		99B8A5CE237EA6D800346159 /* Assets.xcassets */ = {isa = PBXFileReference; lastKnownFileType = folder.assetcatalog; path = Assets.xcassets; sourceTree = "<group>"; };
		99B8A5D1237EA6D800346159 /* Preview Assets.xcassets */ = {isa = PBXFileReference; lastKnownFileType = folder.assetcatalog; path = "Preview Assets.xcassets"; sourceTree = "<group>"; };
		99B8A5D4237EA6D800346159 /* Base */ = {isa = PBXFileReference; lastKnownFileType = file.storyboard; name = Base; path = Base.lproj/LaunchScreen.storyboard; sourceTree = "<group>"; };
		99B8A5D6237EA6D800346159 /* Info.plist */ = {isa = PBXFileReference; lastKnownFileType = text.plist.xml; path = Info.plist; sourceTree = "<group>"; };
		99FFCD6C2381D3540088EA70 /* AddBookView.swift */ = {isa = PBXFileReference; lastKnownFileType = sourcecode.swift; path = AddBookView.swift; sourceTree = "<group>"; };
/* End PBXFileReference section */

/* Begin PBXFrameworksBuildPhase section */
		99B8A5BF237EA6D700346159 /* Frameworks */ = {
			isa = PBXFrameworksBuildPhase;
			buildActionMask = 2147483647;
			files = (
			);
			runOnlyForDeploymentPostprocessing = 0;
		};
/* End PBXFrameworksBuildPhase section */

/* Begin PBXGroup section */
		99B8A5B9237EA6D700346159 = {
			isa = PBXGroup;
			children = (
				99B8A5C4237EA6D700346159 /* Bookworm */,
				99B8A5C3237EA6D700346159 /* Products */,
			);
			sourceTree = "<group>";
		};
		99B8A5C3237EA6D700346159 /* Products */ = {
			isa = PBXGroup;
			children = (
				99B8A5C2237EA6D700346159 /* Bookworm.app */,
			);
			name = Products;
			sourceTree = "<group>";
		};
		99B8A5C4237EA6D700346159 /* Bookworm */ = {
			isa = PBXGroup;
			children = (
				99B8A5C5237EA6D700346159 /* AppDelegate.swift */,
				99B8A5C7237EA6D700346159 /* SceneDelegate.swift */,
				99B8A5CC237EA6D700346159 /* ContentView.swift */,
				99FFCD6C2381D3540088EA70 /* AddBookView.swift */,
				999A8BDC2381FA9E00165D5A /* RatingView.swift */,
				999A8BDE2381FC3300165D5A /* EmojiRatingView.swift */,
				99B8A5CE237EA6D800346159 /* Assets.xcassets */,
				99B8A5D3237EA6D800346159 /* LaunchScreen.storyboard */,
				99B8A5D6237EA6D800346159 /* Info.plist */,
				99B8A5C9237EA6D700346159 /* Bookworm.xcdatamodeld */,
				99B8A5D0237EA6D800346159 /* Preview Content */,
			);
			path = Bookworm;
			sourceTree = "<group>";
		};
		99B8A5D0237EA6D800346159 /* Preview Content */ = {
			isa = PBXGroup;
			children = (
				99B8A5D1237EA6D800346159 /* Preview Assets.xcassets */,
			);
			path = "Preview Content";
			sourceTree = "<group>";
		};
/* End PBXGroup section */

/* Begin PBXNativeTarget section */
		99B8A5C1237EA6D700346159 /* Bookworm */ = {
			isa = PBXNativeTarget;
			buildConfigurationList = 99B8A5D9237EA6D800346159 /* Build configuration list for PBXNativeTarget "Bookworm" */;
			buildPhases = (
				99B8A5BE237EA6D700346159 /* Sources */,
				99B8A5BF237EA6D700346159 /* Frameworks */,
				99B8A5C0237EA6D700346159 /* Resources */,
			);
			buildRules = (
			);
			dependencies = (
			);
			name = Bookworm;
			productName = Bookworm;
			productReference = 99B8A5C2237EA6D700346159 /* Bookworm.app */;
			productType = "com.apple.product-type.application";
		};
/* End PBXNativeTarget section */

/* Begin PBXProject section */
		99B8A5BA237EA6D700346159 /* Project object */ = {
			isa = PBXProject;
			attributes = {
				LastSwiftUpdateCheck = 1120;
				LastUpgradeCheck = 1120;
				ORGANIZATIONNAME = "Ale Mohamad";
				TargetAttributes = {
					99B8A5C1237EA6D700346159 = {
						CreatedOnToolsVersion = 11.2.1;
					};
				};
			};
			buildConfigurationList = 99B8A5BD237EA6D700346159 /* Build configuration list for PBXProject "Bookworm" */;
			compatibilityVersion = "Xcode 9.3";
			developmentRegion = en;
			hasScannedForEncodings = 0;
			knownRegions = (
				en,
				Base,
			);
			mainGroup = 99B8A5B9237EA6D700346159;
			productRefGroup = 99B8A5C3237EA6D700346159 /* Products */;
			projectDirPath = "";
			projectRoot = "";
			targets = (
				99B8A5C1237EA6D700346159 /* Bookworm */,
			);
		};
/* End PBXProject section */

/* Begin PBXResourcesBuildPhase section */
		99B8A5C0237EA6D700346159 /* Resources */ = {
			isa = PBXResourcesBuildPhase;
			buildActionMask = 2147483647;
			files = (
				99B8A5D5237EA6D800346159 /* LaunchScreen.storyboard in Resources */,
				99B8A5D2237EA6D800346159 /* Preview Assets.xcassets in Resources */,
				99B8A5CF237EA6D800346159 /* Assets.xcassets in Resources */,
			);
			runOnlyForDeploymentPostprocessing = 0;
		};
/* End PBXResourcesBuildPhase section */

/* Begin PBXSourcesBuildPhase section */
		99B8A5BE237EA6D700346159 /* Sources */ = {
			isa = PBXSourcesBuildPhase;
			buildActionMask = 2147483647;
			files = (
				99B8A5C6237EA6D700346159 /* AppDelegate.swift in Sources */,
				99B8A5CB237EA6D700346159 /* Bookworm.xcdatamodeld in Sources */,
				999A8BDF2381FC3300165D5A /* EmojiRatingView.swift in Sources */,
				99B8A5CD237EA6D700346159 /* ContentView.swift in Sources */,
				999A8BDD2381FA9E00165D5A /* RatingView.swift in Sources */,
				99B8A5C8237EA6D700346159 /* SceneDelegate.swift in Sources */,
				99FFCD6D2381D3540088EA70 /* AddBookView.swift in Sources */,
			);
			runOnlyForDeploymentPostprocessing = 0;
		};
/* End PBXSourcesBuildPhase section */

/* Begin PBXVariantGroup section */
		99B8A5D3237EA6D800346159 /* LaunchScreen.storyboard */ = {
			isa = PBXVariantGroup;
			children = (
				99B8A5D4237EA6D800346159 /* Base */,
			);
			name = LaunchScreen.storyboard;
			sourceTree = "<group>";
		};
/* End PBXVariantGroup section */

/* Begin XCBuildConfiguration section */
		99B8A5D7237EA6D800346159 /* Debug */ = {
			isa = XCBuildConfiguration;
			buildSettings = {
				ALWAYS_SEARCH_USER_PATHS = NO;
				CLANG_ANALYZER_NONNULL = YES;
				CLANG_ANALYZER_NUMBER_OBJECT_CONVERSION = YES_AGGRESSIVE;
				CLANG_CXX_LANGUAGE_STANDARD = "gnu++14";
				CLANG_CXX_LIBRARY = "libc++";
				CLANG_ENABLE_MODULES = YES;
				CLANG_ENABLE_OBJC_ARC = YES;
				CLANG_ENABLE_OBJC_WEAK = YES;
				CLANG_WARN_BLOCK_CAPTURE_AUTORELEASING = YES;
				CLANG_WARN_BOOL_CONVERSION = YES;
				CLANG_WARN_COMMA = YES;
				CLANG_WARN_CONSTANT_CONVERSION = YES;
				CLANG_WARN_DEPRECATED_OBJC_IMPLEMENTATIONS = YES;
				CLANG_WARN_DIRECT_OBJC_ISA_USAGE = YES_ERROR;
				CLANG_WARN_DOCUMENTATION_COMMENTS = YES;
				CLANG_WARN_EMPTY_BODY = YES;
				CLANG_WARN_ENUM_CONVERSION = YES;
				CLANG_WARN_INFINITE_RECURSION = YES;
				CLANG_WARN_INT_CONVERSION = YES;
				CLANG_WARN_NON_LITERAL_NULL_CONVERSION = YES;
				CLANG_WARN_OBJC_IMPLICIT_RETAIN_SELF = YES;
				CLANG_WARN_OBJC_LITERAL_CONVERSION = YES;
				CLANG_WARN_OBJC_ROOT_CLASS = YES_ERROR;
				CLANG_WARN_RANGE_LOOP_ANALYSIS = YES;
				CLANG_WARN_STRICT_PROTOTYPES = YES;
				CLANG_WARN_SUSPICIOUS_MOVE = YES;
				CLANG_WARN_UNGUARDED_AVAILABILITY = YES_AGGRESSIVE;
				CLANG_WARN_UNREACHABLE_CODE = YES;
				CLANG_WARN__DUPLICATE_METHOD_MATCH = YES;
				COPY_PHASE_STRIP = NO;
				DEBUG_INFORMATION_FORMAT = dwarf;
				ENABLE_STRICT_OBJC_MSGSEND = YES;
				ENABLE_TESTABILITY = YES;
				GCC_C_LANGUAGE_STANDARD = gnu11;
				GCC_DYNAMIC_NO_PIC = NO;
				GCC_NO_COMMON_BLOCKS = YES;
				GCC_OPTIMIZATION_LEVEL = 0;
				GCC_PREPROCESSOR_DEFINITIONS = (
					"DEBUG=1",
					"$(inherited)",
				);
				GCC_WARN_64_TO_32_BIT_CONVERSION = YES;
				GCC_WARN_ABOUT_RETURN_TYPE = YES_ERROR;
				GCC_WARN_UNDECLARED_SELECTOR = YES;
				GCC_WARN_UNINITIALIZED_AUTOS = YES_AGGRESSIVE;
				GCC_WARN_UNUSED_FUNCTION = YES;
				GCC_WARN_UNUSED_VARIABLE = YES;
				IPHONEOS_DEPLOYMENT_TARGET = 13.2;
				MTL_ENABLE_DEBUG_INFO = INCLUDE_SOURCE;
				MTL_FAST_MATH = YES;
				ONLY_ACTIVE_ARCH = YES;
				SDKROOT = iphoneos;
				SWIFT_ACTIVE_COMPILATION_CONDITIONS = DEBUG;
				SWIFT_OPTIMIZATION_LEVEL = "-Onone";
			};
			name = Debug;
		};
		99B8A5D8237EA6D800346159 /* Release */ = {
			isa = XCBuildConfiguration;
			buildSettings = {
				ALWAYS_SEARCH_USER_PATHS = NO;
				CLANG_ANALYZER_NONNULL = YES;
				CLANG_ANALYZER_NUMBER_OBJECT_CONVERSION = YES_AGGRESSIVE;
				CLANG_CXX_LANGUAGE_STANDARD = "gnu++14";
				CLANG_CXX_LIBRARY = "libc++";
				CLANG_ENABLE_MODULES = YES;
				CLANG_ENABLE_OBJC_ARC = YES;
				CLANG_ENABLE_OBJC_WEAK = YES;
				CLANG_WARN_BLOCK_CAPTURE_AUTORELEASING = YES;
				CLANG_WARN_BOOL_CONVERSION = YES;
				CLANG_WARN_COMMA = YES;
				CLANG_WARN_CONSTANT_CONVERSION = YES;
				CLANG_WARN_DEPRECATED_OBJC_IMPLEMENTATIONS = YES;
				CLANG_WARN_DIRECT_OBJC_ISA_USAGE = YES_ERROR;
				CLANG_WARN_DOCUMENTATION_COMMENTS = YES;
				CLANG_WARN_EMPTY_BODY = YES;
				CLANG_WARN_ENUM_CONVERSION = YES;
				CLANG_WARN_INFINITE_RECURSION = YES;
				CLANG_WARN_INT_CONVERSION = YES;
				CLANG_WARN_NON_LITERAL_NULL_CONVERSION = YES;
				CLANG_WARN_OBJC_IMPLICIT_RETAIN_SELF = YES;
				CLANG_WARN_OBJC_LITERAL_CONVERSION = YES;
				CLANG_WARN_OBJC_ROOT_CLASS = YES_ERROR;
				CLANG_WARN_RANGE_LOOP_ANALYSIS = YES;
				CLANG_WARN_STRICT_PROTOTYPES = YES;
				CLANG_WARN_SUSPICIOUS_MOVE = YES;
				CLANG_WARN_UNGUARDED_AVAILABILITY = YES_AGGRESSIVE;
				CLANG_WARN_UNREACHABLE_CODE = YES;
				CLANG_WARN__DUPLICATE_METHOD_MATCH = YES;
				COPY_PHASE_STRIP = NO;
				DEBUG_INFORMATION_FORMAT = "dwarf-with-dsym";
				ENABLE_NS_ASSERTIONS = NO;
				ENABLE_STRICT_OBJC_MSGSEND = YES;
				GCC_C_LANGUAGE_STANDARD = gnu11;
				GCC_NO_COMMON_BLOCKS = YES;
				GCC_WARN_64_TO_32_BIT_CONVERSION = YES;
				GCC_WARN_ABOUT_RETURN_TYPE = YES_ERROR;
				GCC_WARN_UNDECLARED_SELECTOR = YES;
				GCC_WARN_UNINITIALIZED_AUTOS = YES_AGGRESSIVE;
				GCC_WARN_UNUSED_FUNCTION = YES;
				GCC_WARN_UNUSED_VARIABLE = YES;
				IPHONEOS_DEPLOYMENT_TARGET = 13.2;
				MTL_ENABLE_DEBUG_INFO = NO;
				MTL_FAST_MATH = YES;
				SDKROOT = iphoneos;
				SWIFT_COMPILATION_MODE = wholemodule;
				SWIFT_OPTIMIZATION_LEVEL = "-O";
				VALIDATE_PRODUCT = YES;
			};
			name = Release;
		};
		99B8A5DA237EA6D800346159 /* Debug */ = {
			isa = XCBuildConfiguration;
			buildSettings = {
				ASSETCATALOG_COMPILER_APPICON_NAME = AppIcon;
				CODE_SIGN_STYLE = Automatic;
				DEVELOPMENT_ASSET_PATHS = "\"Bookworm/Preview Content\"";
				DEVELOPMENT_TEAM = WCNR2RY47A;
				ENABLE_PREVIEWS = YES;
				INFOPLIST_FILE = Bookworm/Info.plist;
				LD_RUNPATH_SEARCH_PATHS = (
					"$(inherited)",
					"@executable_path/Frameworks",
				);
				PRODUCT_BUNDLE_IDENTIFIER = com.alemohamad.Bookworm;
				PRODUCT_NAME = "$(TARGET_NAME)";
				SWIFT_VERSION = 5.0;
				TARGETED_DEVICE_FAMILY = "1,2";
			};
			name = Debug;
		};
		99B8A5DB237EA6D800346159 /* Release */ = {
			isa = XCBuildConfiguration;
			buildSettings = {
				ASSETCATALOG_COMPILER_APPICON_NAME = AppIcon;
				CODE_SIGN_STYLE = Automatic;
				DEVELOPMENT_ASSET_PATHS = "\"Bookworm/Preview Content\"";
				DEVELOPMENT_TEAM = WCNR2RY47A;
				ENABLE_PREVIEWS = YES;
				INFOPLIST_FILE = Bookworm/Info.plist;
				LD_RUNPATH_SEARCH_PATHS = (
					"$(inherited)",
					"@executable_path/Frameworks",
				);
				PRODUCT_BUNDLE_IDENTIFIER = com.alemohamad.Bookworm;
				PRODUCT_NAME = "$(TARGET_NAME)";
				SWIFT_VERSION = 5.0;
				TARGETED_DEVICE_FAMILY = "1,2";
			};
			name = Release;
		};
/* End XCBuildConfiguration section */

/* Begin XCConfigurationList section */
		99B8A5BD237EA6D700346159 /* Build configuration list for PBXProject "Bookworm" */ = {
			isa = XCConfigurationList;
			buildConfigurations = (
				99B8A5D7237EA6D800346159 /* Debug */,
				99B8A5D8237EA6D800346159 /* Release */,
			);
			defaultConfigurationIsVisible = 0;
			defaultConfigurationName = Release;
		};
		99B8A5D9237EA6D800346159 /* Build configuration list for PBXNativeTarget "Bookworm" */ = {
			isa = XCConfigurationList;
			buildConfigurations = (
				99B8A5DA237EA6D800346159 /* Debug */,
				99B8A5DB237EA6D800346159 /* Release */,
			);
			defaultConfigurationIsVisible = 0;
			defaultConfigurationName = Release;
		};
/* End XCConfigurationList section */

/* Begin XCVersionGroup section */
		99B8A5C9237EA6D700346159 /* Bookworm.xcdatamodeld */ = {
			isa = XCVersionGroup;
			children = (
				99B8A5CA237EA6D700346159 /* Bookworm.xcdatamodel */,
			);
			currentVersion = 99B8A5CA237EA6D700346159 /* Bookworm.xcdatamodel */;
			path = Bookworm.xcdatamodeld;
			sourceTree = "<group>";
			versionGroupType = wrapper.xcdatamodel;
		};
/* End XCVersionGroup section */
	};
	rootObject = 99B8A5BA237EA6D700346159 /* Project object */;
}
