// !$*UTF8*$!
{
	archiveVersion = 1;
	classes = {
	};
	objectVersion = 50;
	objects = {

/* Begin PBXBuildFile section */
		997885C02393F8980006AA4A /* AppDelegate.swift in Sources */ = {isa = PBXBuildFile; fileRef = 997885BF2393F8980006AA4A /* AppDelegate.swift */; };
		997885C22393F8980006AA4A /* SceneDelegate.swift in Sources */ = {isa = PBXBuildFile; fileRef = 997885C12393F8980006AA4A /* SceneDelegate.swift */; };
		997885C42393F8980006AA4A /* ContentView.swift in Sources */ = {isa = PBXBuildFile; fileRef = 997885C32393F8980006AA4A /* ContentView.swift */; };
		997885C62393F89B0006AA4A /* Assets.xcassets in Resources */ = {isa = PBXBuildFile; fileRef = 997885C52393F89B0006AA4A /* Assets.xcassets */; };
		997885C92393F89B0006AA4A /* Preview Assets.xcassets in Resources */ = {isa = PBXBuildFile; fileRef = 997885C82393F89B0006AA4A /* Preview Assets.xcassets */; };
		997885CC2393F89B0006AA4A /* LaunchScreen.storyboard in Resources */ = {isa = PBXBuildFile; fileRef = 997885CA2393F89B0006AA4A /* LaunchScreen.storyboard */; };
		99BDD29A23979E9A00839DDE /* MapView.swift in Sources */ = {isa = PBXBuildFile; fileRef = 99BDD29923979E9A00839DDE /* MapView.swift */; };
		99BDD29C2397A8B900839DDE /* MKPointAnnotation-ObservableObject.swift in Sources */ = {isa = PBXBuildFile; fileRef = 99BDD29B2397A8B900839DDE /* MKPointAnnotation-ObservableObject.swift */; };
		99BDD29E2397A8FA00839DDE /* EditView.swift in Sources */ = {isa = PBXBuildFile; fileRef = 99BDD29D2397A8FA00839DDE /* EditView.swift */; };
		99BDD2A02397AAAA00839DDE /* Result.swift in Sources */ = {isa = PBXBuildFile; fileRef = 99BDD29F2397AAAA00839DDE /* Result.swift */; };
		99BDD2A22397B3E400839DDE /* MKPointAnnotation-Codable.swift in Sources */ = {isa = PBXBuildFile; fileRef = 99BDD2A12397B3E400839DDE /* MKPointAnnotation-Codable.swift */; };
/* End PBXBuildFile section */

/* Begin PBXFileReference section */
		997885BC2393F8980006AA4A /* BucketList.app */ = {isa = PBXFileReference; explicitFileType = wrapper.application; includeInIndex = 0; path = BucketList.app; sourceTree = BUILT_PRODUCTS_DIR; };
		997885BF2393F8980006AA4A /* AppDelegate.swift */ = {isa = PBXFileReference; lastKnownFileType = sourcecode.swift; path = AppDelegate.swift; sourceTree = "<group>"; };
		997885C12393F8980006AA4A /* SceneDelegate.swift */ = {isa = PBXFileReference; lastKnownFileType = sourcecode.swift; path = SceneDelegate.swift; sourceTree = "<group>"; };
		997885C32393F8980006AA4A /* ContentView.swift */ = {isa = PBXFileReference; lastKnownFileType = sourcecode.swift; path = ContentView.swift; sourceTree = "<group>"; };
		997885C52393F89B0006AA4A /* Assets.xcassets */ = {isa = PBXFileReference; lastKnownFileType = folder.assetcatalog; path = Assets.xcassets; sourceTree = "<group>"; };
		997885C82393F89B0006AA4A /* Preview Assets.xcassets */ = {isa = PBXFileReference; lastKnownFileType = folder.assetcatalog; path = "Preview Assets.xcassets"; sourceTree = "<group>"; };
		997885CB2393F89B0006AA4A /* Base */ = {isa = PBXFileReference; lastKnownFileType = file.storyboard; name = Base; path = Base.lproj/LaunchScreen.storyboard; sourceTree = "<group>"; };
		997885CD2393F89B0006AA4A /* Info.plist */ = {isa = PBXFileReference; lastKnownFileType = text.plist.xml; path = Info.plist; sourceTree = "<group>"; };
		99BDD29923979E9A00839DDE /* MapView.swift */ = {isa = PBXFileReference; lastKnownFileType = sourcecode.swift; path = MapView.swift; sourceTree = "<group>"; };
		99BDD29B2397A8B900839DDE /* MKPointAnnotation-ObservableObject.swift */ = {isa = PBXFileReference; lastKnownFileType = sourcecode.swift; path = "MKPointAnnotation-ObservableObject.swift"; sourceTree = "<group>"; };
		99BDD29D2397A8FA00839DDE /* EditView.swift */ = {isa = PBXFileReference; lastKnownFileType = sourcecode.swift; path = EditView.swift; sourceTree = "<group>"; };
		99BDD29F2397AAAA00839DDE /* Result.swift */ = {isa = PBXFileReference; lastKnownFileType = sourcecode.swift; path = Result.swift; sourceTree = "<group>"; };
		99BDD2A12397B3E400839DDE /* MKPointAnnotation-Codable.swift */ = {isa = PBXFileReference; lastKnownFileType = sourcecode.swift; path = "MKPointAnnotation-Codable.swift"; sourceTree = "<group>"; };
/* End PBXFileReference section */

/* Begin PBXFrameworksBuildPhase section */
		997885B92393F8980006AA4A /* Frameworks */ = {
			isa = PBXFrameworksBuildPhase;
			buildActionMask = 2147483647;
			files = (
			);
			runOnlyForDeploymentPostprocessing = 0;
		};
/* End PBXFrameworksBuildPhase section */

/* Begin PBXGroup section */
		997885B32393F8980006AA4A = {
			isa = PBXGroup;
			children = (
				997885BE2393F8980006AA4A /* BucketList */,
				997885BD2393F8980006AA4A /* Products */,
			);
			sourceTree = "<group>";
		};
		997885BD2393F8980006AA4A /* Products */ = {
			isa = PBXGroup;
			children = (
				997885BC2393F8980006AA4A /* BucketList.app */,
			);
			name = Products;
			sourceTree = "<group>";
		};
		997885BE2393F8980006AA4A /* BucketList */ = {
			isa = PBXGroup;
			children = (
				997885BF2393F8980006AA4A /* AppDelegate.swift */,
				997885C12393F8980006AA4A /* SceneDelegate.swift */,
				997885C32393F8980006AA4A /* ContentView.swift */,
				99BDD29F2397AAAA00839DDE /* Result.swift */,
				99BDD29B2397A8B900839DDE /* MKPointAnnotation-ObservableObject.swift */,
				99BDD29D2397A8FA00839DDE /* EditView.swift */,
				99BDD2A12397B3E400839DDE /* MKPointAnnotation-Codable.swift */,
				99BDD29923979E9A00839DDE /* MapView.swift */,
				997885C52393F89B0006AA4A /* Assets.xcassets */,
				997885CA2393F89B0006AA4A /* LaunchScreen.storyboard */,
				997885CD2393F89B0006AA4A /* Info.plist */,
				997885C72393F89B0006AA4A /* Preview Content */,
			);
			path = BucketList;
			sourceTree = "<group>";
		};
		997885C72393F89B0006AA4A /* Preview Content */ = {
			isa = PBXGroup;
			children = (
				997885C82393F89B0006AA4A /* Preview Assets.xcassets */,
			);
			path = "Preview Content";
			sourceTree = "<group>";
		};
/* End PBXGroup section */

/* Begin PBXNativeTarget section */
		997885BB2393F8980006AA4A /* BucketList */ = {
			isa = PBXNativeTarget;
			buildConfigurationList = 997885D02393F89B0006AA4A /* Build configuration list for PBXNativeTarget "BucketList" */;
			buildPhases = (
				997885B82393F8980006AA4A /* Sources */,
				997885B92393F8980006AA4A /* Frameworks */,
				997885BA2393F8980006AA4A /* Resources */,
			);
			buildRules = (
			);
			dependencies = (
			);
			name = BucketList;
			productName = BucketList;
			productReference = 997885BC2393F8980006AA4A /* BucketList.app */;
			productType = "com.apple.product-type.application";
		};
/* End PBXNativeTarget section */

/* Begin PBXProject section */
		997885B42393F8980006AA4A /* Project object */ = {
			isa = PBXProject;
			attributes = {
				LastSwiftUpdateCheck = 1120;
				LastUpgradeCheck = 1120;
				ORGANIZATIONNAME = "Ale Mohamad";
				TargetAttributes = {
					997885BB2393F8980006AA4A = {
						CreatedOnToolsVersion = 11.2.1;
					};
				};
			};
			buildConfigurationList = 997885B72393F8980006AA4A /* Build configuration list for PBXProject "BucketList" */;
			compatibilityVersion = "Xcode 9.3";
			developmentRegion = en;
			hasScannedForEncodings = 0;
			knownRegions = (
				en,
				Base,
			);
			mainGroup = 997885B32393F8980006AA4A;
			productRefGroup = 997885BD2393F8980006AA4A /* Products */;
			projectDirPath = "";
			projectRoot = "";
			targets = (
				997885BB2393F8980006AA4A /* BucketList */,
			);
		};
/* End PBXProject section */

/* Begin PBXResourcesBuildPhase section */
		997885BA2393F8980006AA4A /* Resources */ = {
			isa = PBXResourcesBuildPhase;
			buildActionMask = 2147483647;
			files = (
				997885CC2393F89B0006AA4A /* LaunchScreen.storyboard in Resources */,
				997885C92393F89B0006AA4A /* Preview Assets.xcassets in Resources */,
				997885C62393F89B0006AA4A /* Assets.xcassets in Resources */,
			);
			runOnlyForDeploymentPostprocessing = 0;
		};
/* End PBXResourcesBuildPhase section */

/* Begin PBXSourcesBuildPhase section */
		997885B82393F8980006AA4A /* Sources */ = {
			isa = PBXSourcesBuildPhase;
			buildActionMask = 2147483647;
			files = (
				997885C02393F8980006AA4A /* AppDelegate.swift in Sources */,
				99BDD29A23979E9A00839DDE /* MapView.swift in Sources */,
				99BDD29E2397A8FA00839DDE /* EditView.swift in Sources */,
				997885C22393F8980006AA4A /* SceneDelegate.swift in Sources */,
				99BDD2A02397AAAA00839DDE /* Result.swift in Sources */,
				99BDD29C2397A8B900839DDE /* MKPointAnnotation-ObservableObject.swift in Sources */,
				99BDD2A22397B3E400839DDE /* MKPointAnnotation-Codable.swift in Sources */,
				997885C42393F8980006AA4A /* ContentView.swift in Sources */,
			);
			runOnlyForDeploymentPostprocessing = 0;
		};
/* End PBXSourcesBuildPhase section */

/* Begin PBXVariantGroup section */
		997885CA2393F89B0006AA4A /* LaunchScreen.storyboard */ = {
			isa = PBXVariantGroup;
			children = (
				997885CB2393F89B0006AA4A /* Base */,
			);
			name = LaunchScreen.storyboard;
			sourceTree = "<group>";
		};
/* End PBXVariantGroup section */

/* Begin XCBuildConfiguration section */
		997885CE2393F89B0006AA4A /* Debug */ = {
			isa = XCBuildConfiguration;
			buildSettings = {
				ALWAYS_SEARCH_USER_PATHS = NO;
				CLANG_ANALYZER_NONNULL = YES;
				CLANG_ANALYZER_NUMBER_OBJECT_CONVERSION = YES_AGGRESSIVE;
				CLANG_CXX_LANGUAGE_STANDARD = "gnu++14";
				CLANG_CXX_LIBRARY = "libc++";
				CLANG_ENABLE_MODULES = YES;
				CLANG_ENABLE_OBJC_ARC = YES;
				CLANG_ENABLE_OBJC_WEAK = YES;
				CLANG_WARN_BLOCK_CAPTURE_AUTORELEASING = YES;
				CLANG_WARN_BOOL_CONVERSION = YES;
				CLANG_WARN_COMMA = YES;
				CLANG_WARN_CONSTANT_CONVERSION = YES;
				CLANG_WARN_DEPRECATED_OBJC_IMPLEMENTATIONS = YES;
				CLANG_WARN_DIRECT_OBJC_ISA_USAGE = YES_ERROR;
				CLANG_WARN_DOCUMENTATION_COMMENTS = YES;
				CLANG_WARN_EMPTY_BODY = YES;
				CLANG_WARN_ENUM_CONVERSION = YES;
				CLANG_WARN_INFINITE_RECURSION = YES;
				CLANG_WARN_INT_CONVERSION = YES;
				CLANG_WARN_NON_LITERAL_NULL_CONVERSION = YES;
				CLANG_WARN_OBJC_IMPLICIT_RETAIN_SELF = YES;
				CLANG_WARN_OBJC_LITERAL_CONVERSION = YES;
				CLANG_WARN_OBJC_ROOT_CLASS = YES_ERROR;
				CLANG_WARN_RANGE_LOOP_ANALYSIS = YES;
				CLANG_WARN_STRICT_PROTOTYPES = YES;
				CLANG_WARN_SUSPICIOUS_MOVE = YES;
				CLANG_WARN_UNGUARDED_AVAILABILITY = YES_AGGRESSIVE;
				CLANG_WARN_UNREACHABLE_CODE = YES;
				CLANG_WARN__DUPLICATE_METHOD_MATCH = YES;
				COPY_PHASE_STRIP = NO;
				DEBUG_INFORMATION_FORMAT = dwarf;
				ENABLE_STRICT_OBJC_MSGSEND = YES;
				ENABLE_TESTABILITY = YES;
				GCC_C_LANGUAGE_STANDARD = gnu11;
				GCC_DYNAMIC_NO_PIC = NO;
				GCC_NO_COMMON_BLOCKS = YES;
				GCC_OPTIMIZATION_LEVEL = 0;
				GCC_PREPROCESSOR_DEFINITIONS = (
					"DEBUG=1",
					"$(inherited)",
				);
				GCC_WARN_64_TO_32_BIT_CONVERSION = YES;
				GCC_WARN_ABOUT_RETURN_TYPE = YES_ERROR;
				GCC_WARN_UNDECLARED_SELECTOR = YES;
				GCC_WARN_UNINITIALIZED_AUTOS = YES_AGGRESSIVE;
				GCC_WARN_UNUSED_FUNCTION = YES;
				GCC_WARN_UNUSED_VARIABLE = YES;
				IPHONEOS_DEPLOYMENT_TARGET = 13.2;
				MTL_ENABLE_DEBUG_INFO = INCLUDE_SOURCE;
				MTL_FAST_MATH = YES;
				ONLY_ACTIVE_ARCH = YES;
				SDKROOT = iphoneos;
				SWIFT_ACTIVE_COMPILATION_CONDITIONS = DEBUG;
				SWIFT_OPTIMIZATION_LEVEL = "-Onone";
			};
			name = Debug;
		};
		997885CF2393F89B0006AA4A /* Release */ = {
			isa = XCBuildConfiguration;
			buildSettings = {
				ALWAYS_SEARCH_USER_PATHS = NO;
				CLANG_ANALYZER_NONNULL = YES;
				CLANG_ANALYZER_NUMBER_OBJECT_CONVERSION = YES_AGGRESSIVE;
				CLANG_CXX_LANGUAGE_STANDARD = "gnu++14";
				CLANG_CXX_LIBRARY = "libc++";
				CLANG_ENABLE_MODULES = YES;
				CLANG_ENABLE_OBJC_ARC = YES;
				CLANG_ENABLE_OBJC_WEAK = YES;
				CLANG_WARN_BLOCK_CAPTURE_AUTORELEASING = YES;
				CLANG_WARN_BOOL_CONVERSION = YES;
				CLANG_WARN_COMMA = YES;
				CLANG_WARN_CONSTANT_CONVERSION = YES;
				CLANG_WARN_DEPRECATED_OBJC_IMPLEMENTATIONS = YES;
				CLANG_WARN_DIRECT_OBJC_ISA_USAGE = YES_ERROR;
				CLANG_WARN_DOCUMENTATION_COMMENTS = YES;
				CLANG_WARN_EMPTY_BODY = YES;
				CLANG_WARN_ENUM_CONVERSION = YES;
				CLANG_WARN_INFINITE_RECURSION = YES;
				CLANG_WARN_INT_CONVERSION = YES;
				CLANG_WARN_NON_LITERAL_NULL_CONVERSION = YES;
				CLANG_WARN_OBJC_IMPLICIT_RETAIN_SELF = YES;
				CLANG_WARN_OBJC_LITERAL_CONVERSION = YES;
				CLANG_WARN_OBJC_ROOT_CLASS = YES_ERROR;
				CLANG_WARN_RANGE_LOOP_ANALYSIS = YES;
				CLANG_WARN_STRICT_PROTOTYPES = YES;
				CLANG_WARN_SUSPICIOUS_MOVE = YES;
				CLANG_WARN_UNGUARDED_AVAILABILITY = YES_AGGRESSIVE;
				CLANG_WARN_UNREACHABLE_CODE = YES;
				CLANG_WARN__DUPLICATE_METHOD_MATCH = YES;
				COPY_PHASE_STRIP = NO;
				DEBUG_INFORMATION_FORMAT = "dwarf-with-dsym";
				ENABLE_NS_ASSERTIONS = NO;
				ENABLE_STRICT_OBJC_MSGSEND = YES;
				GCC_C_LANGUAGE_STANDARD = gnu11;
				GCC_NO_COMMON_BLOCKS = YES;
				GCC_WARN_64_TO_32_BIT_CONVERSION = YES;
				GCC_WARN_ABOUT_RETURN_TYPE = YES_ERROR;
				GCC_WARN_UNDECLARED_SELECTOR = YES;
				GCC_WARN_UNINITIALIZED_AUTOS = YES_AGGRESSIVE;
				GCC_WARN_UNUSED_FUNCTION = YES;
				GCC_WARN_UNUSED_VARIABLE = YES;
				IPHONEOS_DEPLOYMENT_TARGET = 13.2;
				MTL_ENABLE_DEBUG_INFO = NO;
				MTL_FAST_MATH = YES;
				SDKROOT = iphoneos;
				SWIFT_COMPILATION_MODE = wholemodule;
				SWIFT_OPTIMIZATION_LEVEL = "-O";
				VALIDATE_PRODUCT = YES;
			};
			name = Release;
		};
		997885D12393F89B0006AA4A /* Debug */ = {
			isa = XCBuildConfiguration;
			buildSettings = {
				ASSETCATALOG_COMPILER_APPICON_NAME = AppIcon;
				CODE_SIGN_STYLE = Automatic;
				DEVELOPMENT_ASSET_PATHS = "\"BucketList/Preview Content\"";
				DEVELOPMENT_TEAM = WCNR2RY47A;
				ENABLE_PREVIEWS = YES;
				INFOPLIST_FILE = BucketList/Info.plist;
				LD_RUNPATH_SEARCH_PATHS = (
					"$(inherited)",
					"@executable_path/Frameworks",
				);
				PRODUCT_BUNDLE_IDENTIFIER = com.alemohamad.BucketList;
				PRODUCT_NAME = "$(TARGET_NAME)";
				SWIFT_VERSION = 5.0;
				TARGETED_DEVICE_FAMILY = "1,2";
			};
			name = Debug;
		};
		997885D22393F89B0006AA4A /* Release */ = {
			isa = XCBuildConfiguration;
			buildSettings = {
				ASSETCATALOG_COMPILER_APPICON_NAME = AppIcon;
				CODE_SIGN_STYLE = Automatic;
				DEVELOPMENT_ASSET_PATHS = "\"BucketList/Preview Content\"";
				DEVELOPMENT_TEAM = WCNR2RY47A;
				ENABLE_PREVIEWS = YES;
				INFOPLIST_FILE = BucketList/Info.plist;
				LD_RUNPATH_SEARCH_PATHS = (
					"$(inherited)",
					"@executable_path/Frameworks",
				);
				PRODUCT_BUNDLE_IDENTIFIER = com.alemohamad.BucketList;
				PRODUCT_NAME = "$(TARGET_NAME)";
				SWIFT_VERSION = 5.0;
				TARGETED_DEVICE_FAMILY = "1,2";
			};
			name = Release;
		};
/* End XCBuildConfiguration section */

/* Begin XCConfigurationList section */
		997885B72393F8980006AA4A /* Build configuration list for PBXProject "BucketList" */ = {
			isa = XCConfigurationList;
			buildConfigurations = (
				997885CE2393F89B0006AA4A /* Debug */,
				997885CF2393F89B0006AA4A /* Release */,
			);
			defaultConfigurationIsVisible = 0;
			defaultConfigurationName = Release;
		};
		997885D02393F89B0006AA4A /* Build configuration list for PBXNativeTarget "BucketList" */ = {
			isa = XCConfigurationList;
			buildConfigurations = (
				997885D12393F89B0006AA4A /* Debug */,
				997885D22393F89B0006AA4A /* Release */,
			);
			defaultConfigurationIsVisible = 0;
			defaultConfigurationName = Release;
		};
/* End XCConfigurationList section */
	};
	rootObject = 997885B42393F8980006AA4A /* Project object */;
}
